
Microsoft Visual Studio Solution File, Format Version 12.00
# Visual Studio Version 17
VisualStudioVersion = 17.9.34701.34
MinimumVisualStudioVersion = 10.0.40219.1
Project("{FAE04EC0-301F-11D3-BF4B-00C04F79EFBC}") = "Observability.ConsoleApp", "Observability.ConsoleApp\Observability.ConsoleApp.csproj", "{7B38D828-588D-40CD-9F61-E3C99E2B4E8C}"
EndProject
Global
	GlobalSection(SolutionConfigurationPlatforms) = preSolution
		Debug|Any CPU = Debug|Any CPU
		Release|Any CPU = Release|Any CPU
	EndGlobalSection
	GlobalSection(ProjectConfigurationPlatforms) = postSolution
		{7B38D828-588D-40CD-9F61-E3C99E2B4E8C}.Debug|Any CPU.ActiveCfg = Debug|Any CPU
		{7B38D828-588D-40CD-9F61-E3C99E2B4E8C}.Debug|Any CPU.Build.0 = Debug|Any CPU
		{7B38D828-588D-40CD-9F61-E3C99E2B4E8C}.Release|Any CPU.ActiveCfg = Release|Any CPU
		{7B38D828-588D-40CD-9F61-E3C99E2B4E8C}.Release|Any CPU.Build.0 = Release|Any CPU
	EndGlobalSection
	GlobalSection(SolutionProperties) = preSolution
		HideSolutionNode = FALSE
	EndGlobalSection
	GlobalSection(ExtensibilityGlobals) = postSolution
		SolutionGuid = {54D8C312-E17C-45AE-BBB8-D21418A63E61}
	EndGlobalSection
EndGlobal
